
Microsoft Visual Studio Solution File, Format Version 12.00
# Visual Studio Version 17
VisualStudioVersion = 17.11.35222.181
MinimumVisualStudioVersion = 10.0.40219.1
Project("{FAE04EC0-301F-11D3-BF4B-00C04F79EFBC}") = "OefeningIdentity", "OefeningIdentity\OefeningIdentity.csproj", "{71B448E3-E253-438F-8417-76CF408E4C07}"
EndProject
Global
	GlobalSection(SolutionConfigurationPlatforms) = preSolution
		Debug|Any CPU = Debug|Any CPU
		Release|Any CPU = Release|Any CPU
	EndGlobalSection
	GlobalSection(ProjectConfigurationPlatforms) = postSolution
		{71B448E3-E253-438F-8417-76CF408E4C07}.Debug|Any CPU.ActiveCfg = Debug|Any CPU
		{71B448E3-E253-438F-8417-76CF408E4C07}.Debug|Any CPU.Build.0 = Debug|Any CPU
		{71B448E3-E253-438F-8417-76CF408E4C07}.Release|Any CPU.ActiveCfg = Release|Any CPU
		{71B448E3-E253-438F-8417-76CF408E4C07}.Release|Any CPU.Build.0 = Release|Any CPU
	EndGlobalSection
	GlobalSection(SolutionProperties) = preSolution
		HideSolutionNode = FALSE
	EndGlobalSection
	GlobalSection(ExtensibilityGlobals) = postSolution
		SolutionGuid = {61A7C3C2-A85F-4A53-8ADF-BBDF8B952A71}
	EndGlobalSection
EndGlobal
