
Microsoft Visual Studio Solution File, Format Version 12.00
# Visual Studio Version 17
VisualStudioVersion = 17.8.34309.116
MinimumVisualStudioVersion = 10.0.40219.1
Project("{FAE04EC0-301F-11D3-BF4B-00C04F79EFBC}") = "StartSpelerAPI", "StartSpelerAPI\StartSpelerAPI.csproj", "{79155CCC-3CF1-4681-8A29-D3D9D2306DEE}"
EndProject
Global
	GlobalSection(SolutionConfigurationPlatforms) = preSolution
		Debug|Any CPU = Debug|Any CPU
		Release|Any CPU = Release|Any CPU
	EndGlobalSection
	GlobalSection(ProjectConfigurationPlatforms) = postSolution
		{79155CCC-3CF1-4681-8A29-D3D9D2306DEE}.Debug|Any CPU.ActiveCfg = Debug|Any CPU
		{79155CCC-3CF1-4681-8A29-D3D9D2306DEE}.Debug|Any CPU.Build.0 = Debug|Any CPU
		{79155CCC-3CF1-4681-8A29-D3D9D2306DEE}.Release|Any CPU.ActiveCfg = Release|Any CPU
		{79155CCC-3CF1-4681-8A29-D3D9D2306DEE}.Release|Any CPU.Build.0 = Release|Any CPU
	EndGlobalSection
	GlobalSection(SolutionProperties) = preSolution
		HideSolutionNode = FALSE
	EndGlobalSection
	GlobalSection(ExtensibilityGlobals) = postSolution
		SolutionGuid = {FC069D1E-5753-47AF-8FE1-438418E57B7A}
	EndGlobalSection
EndGlobal
