
Microsoft Visual Studio Solution File, Format Version 12.00
# Visual Studio Version 17
VisualStudioVersion = 17.8.34309.116
MinimumVisualStudioVersion = 10.0.40219.1
Project("{FAE04EC0-301F-11D3-BF4B-00C04F79EFBC}") = "InterimkantoorAPI", "InterimkantoorAPI.csproj", "{DD445E79-D51B-4D78-9DD0-970473C57CAF}"
EndProject
Global
	GlobalSection(SolutionConfigurationPlatforms) = preSolution
		Debug|Any CPU = Debug|Any CPU
		Release|Any CPU = Release|Any CPU
	EndGlobalSection
	GlobalSection(ProjectConfigurationPlatforms) = postSolution
		{DD445E79-D51B-4D78-9DD0-970473C57CAF}.Debug|Any CPU.ActiveCfg = Debug|Any CPU
		{DD445E79-D51B-4D78-9DD0-970473C57CAF}.Debug|Any CPU.Build.0 = Debug|Any CPU
		{DD445E79-D51B-4D78-9DD0-970473C57CAF}.Release|Any CPU.ActiveCfg = Release|Any CPU
		{DD445E79-D51B-4D78-9DD0-970473C57CAF}.Release|Any CPU.Build.0 = Release|Any CPU
	EndGlobalSection
	GlobalSection(SolutionProperties) = preSolution
		HideSolutionNode = FALSE
	EndGlobalSection
	GlobalSection(ExtensibilityGlobals) = postSolution
		SolutionGuid = {235D2C3A-B5D4-4CB9-B0C6-9893DA30E97F}
	EndGlobalSection
EndGlobal
